
Microsoft Visual Studio Solution File, Format Version 12.00
# Visual Studio 15
VisualStudioVersion = 15.0.28010.2048
MinimumVisualStudioVersion = 10.0.40219.1
Project("{FAE04EC0-301F-11D3-BF4B-00C04F79EFBC}") = "PictureElement", "PictureElement\PictureElement.csproj", "{096F909B-2766-49EF-8139-8494A8A91DF1}"
EndProject
Global
	GlobalSection(SolutionConfigurationPlatforms) = preSolution
		Debug|Any CPU = Debug|Any CPU
		Release|Any CPU = Release|Any CPU
	EndGlobalSection
	GlobalSection(ProjectConfigurationPlatforms) = postSolution
		{096F909B-2766-49EF-8139-8494A8A91DF1}.Debug|Any CPU.ActiveCfg = Debug|Any CPU
		{096F909B-2766-49EF-8139-8494A8A91DF1}.Debug|Any CPU.Build.0 = Debug|Any CPU
		{096F909B-2766-49EF-8139-8494A8A91DF1}.Release|Any CPU.ActiveCfg = Release|Any CPU
		{096F909B-2766-49EF-8139-8494A8A91DF1}.Release|Any CPU.Build.0 = Release|Any CPU
	EndGlobalSection
	GlobalSection(SolutionProperties) = preSolution
		HideSolutionNode = FALSE
	EndGlobalSection
	GlobalSection(ExtensibilityGlobals) = postSolution
		SolutionGuid = {55599F9F-FF4D-4EF8-A088-142A1E242ABE}
	EndGlobalSection
EndGlobal
